
Microsoft Visual Studio Solution File, Format Version 12.00
# Visual Studio Version 17
VisualStudioVersion = 17.2.32602.215
MinimumVisualStudioVersion = 10.0.40219.1
Project("{FAE04EC0-301F-11D3-BF4B-00C04F79EFBC}") = "api", "api\api.csproj", "{26ADFD58-CE9E-4CD2-BA2D-E3DB32037282}"
EndProject
Global
	GlobalSection(SolutionConfigurationPlatforms) = preSolution
		Debug|Any CPU = Debug|Any CPU
		Release|Any CPU = Release|Any CPU
	EndGlobalSection
	GlobalSection(ProjectConfigurationPlatforms) = postSolution
		{26ADFD58-CE9E-4CD2-BA2D-E3DB32037282}.Debug|Any CPU.ActiveCfg = Debug|Any CPU
		{26ADFD58-CE9E-4CD2-BA2D-E3DB32037282}.Debug|Any CPU.Build.0 = Debug|Any CPU
		{26ADFD58-CE9E-4CD2-BA2D-E3DB32037282}.Release|Any CPU.ActiveCfg = Release|Any CPU
		{26ADFD58-CE9E-4CD2-BA2D-E3DB32037282}.Release|Any CPU.Build.0 = Release|Any CPU
	EndGlobalSection
	GlobalSection(SolutionProperties) = preSolution
		HideSolutionNode = FALSE
	EndGlobalSection
	GlobalSection(ExtensibilityGlobals) = postSolution
		SolutionGuid = {B0E358A3-03F7-4751-BC35-E20C292B6D70}
	EndGlobalSection
EndGlobal
